
Microsoft Visual Studio Solution File, Format Version 12.00
# Visual Studio Version 17
VisualStudioVersion = 17.13.35931.197 d17.13
MinimumVisualStudioVersion = 10.0.40219.1
Project("{FAE04EC0-301F-11D3-BF4B-00C04F79EFBC}") = "MultiDictionary.App", "MultiDictionary.App\MultiDictionary.App.csproj", "{5674CA4D-36F3-420A-A979-08DF2FA48660}"
EndProject
Project("{FAE04EC0-301F-11D3-BF4B-00C04F79EFBC}") = "MultiDictionary.Domain", "MultiDictionary.Domain\MultiDictionary.Domain.csproj", "{07D68173-561A-4312-91F8-8EFB5358DEDD}"
EndProject
Project("{FAE04EC0-301F-11D3-BF4B-00C04F79EFBC}") = "MultiDictionary.Infrastructure", "MultiDictionary.Infrastructure\MultiDictionary.Infrastructure.csproj", "{76887852-52DA-4DEC-AD7F-2098B2B51200}"
EndProject
Project("{FAE04EC0-301F-11D3-BF4B-00C04F79EFBC}") = "MultiDictionary.WebAPI", "MultiDictionary.WebAPI\MultiDictionary.WebAPI.csproj", "{A5648C99-D494-42F6-B725-046E2FEAC288}"
EndProject
Project("{FAE04EC0-301F-11D3-BF4B-00C04F79EFBC}") = "MultiDictionary.UI", "MultiDictionary.UI\MultiDictionary.UI.csproj", "{FDCB58EC-9C7B-4D91-A2A3-36EB1962496B}"
EndProject
Global
	GlobalSection(SolutionConfigurationPlatforms) = preSolution
		Debug|Any CPU = Debug|Any CPU
		Release|Any CPU = Release|Any CPU
	EndGlobalSection
	GlobalSection(ProjectConfigurationPlatforms) = postSolution
		{5674CA4D-36F3-420A-A979-08DF2FA48660}.Debug|Any CPU.ActiveCfg = Debug|Any CPU
		{5674CA4D-36F3-420A-A979-08DF2FA48660}.Debug|Any CPU.Build.0 = Debug|Any CPU
		{5674CA4D-36F3-420A-A979-08DF2FA48660}.Release|Any CPU.ActiveCfg = Release|Any CPU
		{5674CA4D-36F3-420A-A979-08DF2FA48660}.Release|Any CPU.Build.0 = Release|Any CPU
		{07D68173-561A-4312-91F8-8EFB5358DEDD}.Debug|Any CPU.ActiveCfg = Debug|Any CPU
		{07D68173-561A-4312-91F8-8EFB5358DEDD}.Debug|Any CPU.Build.0 = Debug|Any CPU
		{07D68173-561A-4312-91F8-8EFB5358DEDD}.Release|Any CPU.ActiveCfg = Release|Any CPU
		{07D68173-561A-4312-91F8-8EFB5358DEDD}.Release|Any CPU.Build.0 = Release|Any CPU
		{76887852-52DA-4DEC-AD7F-2098B2B51200}.Debug|Any CPU.ActiveCfg = Debug|Any CPU
		{76887852-52DA-4DEC-AD7F-2098B2B51200}.Debug|Any CPU.Build.0 = Debug|Any CPU
		{76887852-52DA-4DEC-AD7F-2098B2B51200}.Release|Any CPU.ActiveCfg = Release|Any CPU
		{76887852-52DA-4DEC-AD7F-2098B2B51200}.Release|Any CPU.Build.0 = Release|Any CPU
		{A5648C99-D494-42F6-B725-046E2FEAC288}.Debug|Any CPU.ActiveCfg = Debug|Any CPU
		{A5648C99-D494-42F6-B725-046E2FEAC288}.Debug|Any CPU.Build.0 = Debug|Any CPU
		{A5648C99-D494-42F6-B725-046E2FEAC288}.Release|Any CPU.ActiveCfg = Release|Any CPU
		{A5648C99-D494-42F6-B725-046E2FEAC288}.Release|Any CPU.Build.0 = Release|Any CPU
		{FDCB58EC-9C7B-4D91-A2A3-36EB1962496B}.Debug|Any CPU.ActiveCfg = Debug|Any CPU
		{FDCB58EC-9C7B-4D91-A2A3-36EB1962496B}.Debug|Any CPU.Build.0 = Debug|Any CPU
		{FDCB58EC-9C7B-4D91-A2A3-36EB1962496B}.Release|Any CPU.ActiveCfg = Release|Any CPU
		{FDCB58EC-9C7B-4D91-A2A3-36EB1962496B}.Release|Any CPU.Build.0 = Release|Any CPU
	EndGlobalSection
	GlobalSection(SolutionProperties) = preSolution
		HideSolutionNode = FALSE
	EndGlobalSection
	GlobalSection(ExtensibilityGlobals) = postSolution
		SolutionGuid = {A664182B-229C-4A9A-A7CB-8CCFF5880BC4}
	EndGlobalSection
EndGlobal
